
Microsoft Visual Studio Solution File, Format Version 12.00
Project("{FAE04EC0-301F-11D3-BF4B-00C04F79EFBC}") = "parseTree.Tests", "parseTree.Tests\parseTree.Tests.csproj", "{55931046-EF71-4FAF-922F-B8535AE4F859}"
EndProject
Project("{FAE04EC0-301F-11D3-BF4B-00C04F79EFBC}") = "parseTree", "parseTree\parseTree.csproj", "{426A89FC-7987-458A-AA56-70C7E79BFA30}"
EndProject
Global
	GlobalSection(SolutionConfigurationPlatforms) = preSolution
		Debug|Any CPU = Debug|Any CPU
		Release|Any CPU = Release|Any CPU
	EndGlobalSection
	GlobalSection(ProjectConfigurationPlatforms) = postSolution
		{55931046-EF71-4FAF-922F-B8535AE4F859}.Debug|Any CPU.ActiveCfg = Debug|Any CPU
		{55931046-EF71-4FAF-922F-B8535AE4F859}.Debug|Any CPU.Build.0 = Debug|Any CPU
		{55931046-EF71-4FAF-922F-B8535AE4F859}.Release|Any CPU.ActiveCfg = Release|Any CPU
		{55931046-EF71-4FAF-922F-B8535AE4F859}.Release|Any CPU.Build.0 = Release|Any CPU
		{426A89FC-7987-458A-AA56-70C7E79BFA30}.Debug|Any CPU.ActiveCfg = Debug|Any CPU
		{426A89FC-7987-458A-AA56-70C7E79BFA30}.Debug|Any CPU.Build.0 = Debug|Any CPU
		{426A89FC-7987-458A-AA56-70C7E79BFA30}.Release|Any CPU.ActiveCfg = Release|Any CPU
		{426A89FC-7987-458A-AA56-70C7E79BFA30}.Release|Any CPU.Build.0 = Release|Any CPU
	EndGlobalSection
EndGlobal
