
Microsoft Visual Studio Solution File, Format Version 12.00
Project("{FAE04EC0-301F-11D3-BF4B-00C04F79EFBC}") = "ArchiverLZWTests", "ArchiverLZWTests\ArchiverLZWTests.csproj", "{72CF9AAD-7D5C-43F2-BA47-CCD23CB2A5F2}"
EndProject
Project("{FAE04EC0-301F-11D3-BF4B-00C04F79EFBC}") = "ArchiverLZW", "ArchiverLZW\ArchiverLZW.csproj", "{EAC6F6D2-CB34-419F-AFB2-B3BA0CDDEAA7}"
EndProject
Global
	GlobalSection(SolutionConfigurationPlatforms) = preSolution
		Debug|Any CPU = Debug|Any CPU
		Release|Any CPU = Release|Any CPU
	EndGlobalSection
	GlobalSection(ProjectConfigurationPlatforms) = postSolution
		{72CF9AAD-7D5C-43F2-BA47-CCD23CB2A5F2}.Debug|Any CPU.ActiveCfg = Debug|Any CPU
		{72CF9AAD-7D5C-43F2-BA47-CCD23CB2A5F2}.Debug|Any CPU.Build.0 = Debug|Any CPU
		{72CF9AAD-7D5C-43F2-BA47-CCD23CB2A5F2}.Release|Any CPU.ActiveCfg = Release|Any CPU
		{72CF9AAD-7D5C-43F2-BA47-CCD23CB2A5F2}.Release|Any CPU.Build.0 = Release|Any CPU
		{EAC6F6D2-CB34-419F-AFB2-B3BA0CDDEAA7}.Debug|Any CPU.ActiveCfg = Debug|Any CPU
		{EAC6F6D2-CB34-419F-AFB2-B3BA0CDDEAA7}.Debug|Any CPU.Build.0 = Debug|Any CPU
		{EAC6F6D2-CB34-419F-AFB2-B3BA0CDDEAA7}.Release|Any CPU.ActiveCfg = Release|Any CPU
		{EAC6F6D2-CB34-419F-AFB2-B3BA0CDDEAA7}.Release|Any CPU.Build.0 = Release|Any CPU
	EndGlobalSection
EndGlobal
